
Microsoft Visual Studio Solution File, Format Version 12.00
# Visual Studio Version 16
VisualStudioVersion = 16.0.29728.190
MinimumVisualStudioVersion = 10.0.40219.1
Project("{FAE04EC0-301F-11D3-BF4B-00C04F79EFBC}") = "Speak", "Participation String Simple Method\Speak.csproj", "{C0A37D35-7E86-481A-BCFF-CE6877B63900}"
EndProject
Project("{FAE04EC0-301F-11D3-BF4B-00C04F79EFBC}") = "Classes - TextBox", "Classes - TextBox\Classes - TextBox.csproj", "{B95EF8AB-0460-48C7-AFB1-977EE9338974}"
EndProject
Global
	GlobalSection(SolutionConfigurationPlatforms) = preSolution
		Debug|Any CPU = Debug|Any CPU
		Release|Any CPU = Release|Any CPU
	EndGlobalSection
	GlobalSection(ProjectConfigurationPlatforms) = postSolution
		{C0A37D35-7E86-481A-BCFF-CE6877B63900}.Debug|Any CPU.ActiveCfg = Debug|Any CPU
		{C0A37D35-7E86-481A-BCFF-CE6877B63900}.Debug|Any CPU.Build.0 = Debug|Any CPU
		{C0A37D35-7E86-481A-BCFF-CE6877B63900}.Release|Any CPU.ActiveCfg = Release|Any CPU
		{C0A37D35-7E86-481A-BCFF-CE6877B63900}.Release|Any CPU.Build.0 = Release|Any CPU
		{B95EF8AB-0460-48C7-AFB1-977EE9338974}.Debug|Any CPU.ActiveCfg = Debug|Any CPU
		{B95EF8AB-0460-48C7-AFB1-977EE9338974}.Debug|Any CPU.Build.0 = Debug|Any CPU
		{B95EF8AB-0460-48C7-AFB1-977EE9338974}.Release|Any CPU.ActiveCfg = Release|Any CPU
		{B95EF8AB-0460-48C7-AFB1-977EE9338974}.Release|Any CPU.Build.0 = Release|Any CPU
	EndGlobalSection
	GlobalSection(SolutionProperties) = preSolution
		HideSolutionNode = FALSE
	EndGlobalSection
	GlobalSection(ExtensibilityGlobals) = postSolution
		SolutionGuid = {A5CB1CEF-067D-4EEE-8371-8952B15E6962}
	EndGlobalSection
EndGlobal
