
Microsoft Visual Studio Solution File, Format Version 12.00
# Visual Studio 15
VisualStudioVersion = 15.0.28010.2050
MinimumVisualStudioVersion = 10.0.40219.1
Project("{FAE04EC0-301F-11D3-BF4B-00C04F79EFBC}") = "CoinToss", "CoinToss\CoinToss.csproj", "{829CFB6B-3B51-4199-908A-9C9EA203D604}"
EndProject
Project("{FAE04EC0-301F-11D3-BF4B-00C04F79EFBC}") = "String Manipulation", "String Manipulation\String Manipulation.csproj", "{C515690A-C14D-4DA7-901D-7A2AD0E824C4}"
EndProject
Project("{FAE04EC0-301F-11D3-BF4B-00C04F79EFBC}") = "Collections", "Collections\Collections.csproj", "{BD65333E-9110-49DD-954F-2E954C426F6D}"
EndProject
Global
	GlobalSection(SolutionConfigurationPlatforms) = preSolution
		Debug|Any CPU = Debug|Any CPU
		Release|Any CPU = Release|Any CPU
	EndGlobalSection
	GlobalSection(ProjectConfigurationPlatforms) = postSolution
		{829CFB6B-3B51-4199-908A-9C9EA203D604}.Debug|Any CPU.ActiveCfg = Debug|Any CPU
		{829CFB6B-3B51-4199-908A-9C9EA203D604}.Debug|Any CPU.Build.0 = Debug|Any CPU
		{829CFB6B-3B51-4199-908A-9C9EA203D604}.Release|Any CPU.ActiveCfg = Release|Any CPU
		{829CFB6B-3B51-4199-908A-9C9EA203D604}.Release|Any CPU.Build.0 = Release|Any CPU
		{C515690A-C14D-4DA7-901D-7A2AD0E824C4}.Debug|Any CPU.ActiveCfg = Debug|Any CPU
		{C515690A-C14D-4DA7-901D-7A2AD0E824C4}.Debug|Any CPU.Build.0 = Debug|Any CPU
		{C515690A-C14D-4DA7-901D-7A2AD0E824C4}.Release|Any CPU.ActiveCfg = Release|Any CPU
		{C515690A-C14D-4DA7-901D-7A2AD0E824C4}.Release|Any CPU.Build.0 = Release|Any CPU
		{BD65333E-9110-49DD-954F-2E954C426F6D}.Debug|Any CPU.ActiveCfg = Debug|Any CPU
		{BD65333E-9110-49DD-954F-2E954C426F6D}.Debug|Any CPU.Build.0 = Debug|Any CPU
		{BD65333E-9110-49DD-954F-2E954C426F6D}.Release|Any CPU.ActiveCfg = Release|Any CPU
		{BD65333E-9110-49DD-954F-2E954C426F6D}.Release|Any CPU.Build.0 = Release|Any CPU
	EndGlobalSection
	GlobalSection(SolutionProperties) = preSolution
		HideSolutionNode = FALSE
	EndGlobalSection
	GlobalSection(ExtensibilityGlobals) = postSolution
		SolutionGuid = {D9431875-CB1E-445C-9B57-23CB5C507110}
	EndGlobalSection
EndGlobal
